// !$*UTF8*$!
{
	archiveVersion = 1;
	classes = {
	};
	objectVersion = 50;
	objects = {

/* Begin PBXBuildFile section */
		0D2A145220BC8D10005FA212 /* Podfile in Resources */ = {isa = PBXBuildFile; fileRef = 0D2A145120BC8D10005FA212 /* Podfile */; };
		0D2A145420BC9860005FA212 /* GoogleService-Info.plist in Resources */ = {isa = PBXBuildFile; fileRef = 0D2A145320BC9860005FA212 /* GoogleService-Info.plist */; };
		0D2A145620BC98FB005FA212 /* FirebaseReference.swift in Sources */ = {isa = PBXBuildFile; fileRef = 0D2A145520BC98FB005FA212 /* FirebaseReference.swift */; };
		0D2A145920BC9FCA005FA212 /* User.swift in Sources */ = {isa = PBXBuildFile; fileRef = 0D2A145820BC9FCA005FA212 /* User.swift */; };
		0D2A145B20BCB56C005FA212 /* FIRImage.swift in Sources */ = {isa = PBXBuildFile; fileRef = 0D2A145A20BCB56C005FA212 /* FIRImage.swift */; };
		0D61D36120BF3FAE009BB10E /* NewsfeedTableViewController.swift in Sources */ = {isa = PBXBuildFile; fileRef = 0D61D36020BF3FAE009BB10E /* NewsfeedTableViewController.swift */; };
		0D61D36320BF3FBB009BB10E /* SignUpTableViewController.swift in Sources */ = {isa = PBXBuildFile; fileRef = 0D61D36220BF3FBB009BB10E /* SignUpTableViewController.swift */; };
		0D61D36520BF3FDC009BB10E /* WelcomeViewController.swift in Sources */ = {isa = PBXBuildFile; fileRef = 0D61D36420BF3FDC009BB10E /* WelcomeViewController.swift */; };
		0D61D36720BF48AB009BB10E /* ImagePickerHelper.swift in Sources */ = {isa = PBXBuildFile; fileRef = 0D61D36620BF48AB009BB10E /* ImagePickerHelper.swift */; };
		0D61D36D20BFDA72009BB10E /* LoginTableViewController.swift in Sources */ = {isa = PBXBuildFile; fileRef = 0D61D36C20BFDA72009BB10E /* LoginTableViewController.swift */; };
		0D61D36F20BFDE99009BB10E /* ProfileViewController.swift in Sources */ = {isa = PBXBuildFile; fileRef = 0D61D36E20BFDE99009BB10E /* ProfileViewController.swift */; };
		0D7CA72120B9E5DE007F2716 /* AppDelegate.swift in Sources */ = {isa = PBXBuildFile; fileRef = 0D7CA72020B9E5DE007F2716 /* AppDelegate.swift */; };
		0D7CA72620B9E5DE007F2716 /* Main.storyboard in Resources */ = {isa = PBXBuildFile; fileRef = 0D7CA72420B9E5DE007F2716 /* Main.storyboard */; };
		0D7CA72820B9E5E0007F2716 /* Assets.xcassets in Resources */ = {isa = PBXBuildFile; fileRef = 0D7CA72720B9E5E0007F2716 /* Assets.xcassets */; };
		0D7CA72B20B9E5E0007F2716 /* LaunchScreen.storyboard in Resources */ = {isa = PBXBuildFile; fileRef = 0D7CA72920B9E5E0007F2716 /* LaunchScreen.storyboard */; };
		0DA1EBE220CDD45700FE7FCA /* Media.swift in Sources */ = {isa = PBXBuildFile; fileRef = 0DA1EBE120CDD45700FE7FCA /* Media.swift */; };
		94EE343E0E55C66813BA87F4 /* Pods_Moments_App.framework in Frameworks */ = {isa = PBXBuildFile; fileRef = A7B467D0F6CB22D48E56E629 /* Pods_Moments_App.framework */; };
/* End PBXBuildFile section */

/* Begin PBXFileReference section */
		0D2A145120BC8D10005FA212 /* Podfile */ = {isa = PBXFileReference; lastKnownFileType = text; path = Podfile; sourceTree = "<group>"; };
		0D2A145320BC9860005FA212 /* GoogleService-Info.plist */ = {isa = PBXFileReference; fileEncoding = 4; lastKnownFileType = text.plist.xml; path = "GoogleService-Info.plist"; sourceTree = "<group>"; };
		0D2A145520BC98FB005FA212 /* FirebaseReference.swift */ = {isa = PBXFileReference; lastKnownFileType = sourcecode.swift; path = FirebaseReference.swift; sourceTree = "<group>"; };
		0D2A145820BC9FCA005FA212 /* User.swift */ = {isa = PBXFileReference; lastKnownFileType = sourcecode.swift; path = User.swift; sourceTree = "<group>"; };
		0D2A145A20BCB56C005FA212 /* FIRImage.swift */ = {isa = PBXFileReference; lastKnownFileType = sourcecode.swift; path = FIRImage.swift; sourceTree = "<group>"; };
		0D61D36020BF3FAE009BB10E /* NewsfeedTableViewController.swift */ = {isa = PBXFileReference; lastKnownFileType = sourcecode.swift; path = NewsfeedTableViewController.swift; sourceTree = "<group>"; };
		0D61D36220BF3FBB009BB10E /* SignUpTableViewController.swift */ = {isa = PBXFileReference; lastKnownFileType = sourcecode.swift; path = SignUpTableViewController.swift; sourceTree = "<group>"; };
		0D61D36420BF3FDC009BB10E /* WelcomeViewController.swift */ = {isa = PBXFileReference; lastKnownFileType = sourcecode.swift; path = WelcomeViewController.swift; sourceTree = "<group>"; };
		0D61D36620BF48AB009BB10E /* ImagePickerHelper.swift */ = {isa = PBXFileReference; lastKnownFileType = sourcecode.swift; path = ImagePickerHelper.swift; sourceTree = "<group>"; };
		0D61D36820BFD92B009BB10E /* Moments-App.entitlements */ = {isa = PBXFileReference; lastKnownFileType = text.plist.entitlements; path = "Moments-App.entitlements"; sourceTree = "<group>"; };
		0D61D36C20BFDA72009BB10E /* LoginTableViewController.swift */ = {isa = PBXFileReference; lastKnownFileType = sourcecode.swift; path = LoginTableViewController.swift; sourceTree = "<group>"; };
		0D61D36E20BFDE99009BB10E /* ProfileViewController.swift */ = {isa = PBXFileReference; lastKnownFileType = sourcecode.swift; path = ProfileViewController.swift; sourceTree = "<group>"; };
		0D7CA71D20B9E5DE007F2716 /* Moments-App.app */ = {isa = PBXFileReference; explicitFileType = wrapper.application; includeInIndex = 0; path = "Moments-App.app"; sourceTree = BUILT_PRODUCTS_DIR; };
		0D7CA72020B9E5DE007F2716 /* AppDelegate.swift */ = {isa = PBXFileReference; lastKnownFileType = sourcecode.swift; path = AppDelegate.swift; sourceTree = "<group>"; };
		0D7CA72520B9E5DE007F2716 /* Base */ = {isa = PBXFileReference; lastKnownFileType = file.storyboard; name = Base; path = Base.lproj/Main.storyboard; sourceTree = "<group>"; };
		0D7CA72720B9E5E0007F2716 /* Assets.xcassets */ = {isa = PBXFileReference; lastKnownFileType = folder.assetcatalog; path = Assets.xcassets; sourceTree = "<group>"; };
		0D7CA72A20B9E5E0007F2716 /* Base */ = {isa = PBXFileReference; lastKnownFileType = file.storyboard; name = Base; path = Base.lproj/LaunchScreen.storyboard; sourceTree = "<group>"; };
		0D7CA72C20B9E5E0007F2716 /* Info.plist */ = {isa = PBXFileReference; lastKnownFileType = text.plist.xml; path = Info.plist; sourceTree = "<group>"; };
		0DA1EBE120CDD45700FE7FCA /* Media.swift */ = {isa = PBXFileReference; lastKnownFileType = sourcecode.swift; path = Media.swift; sourceTree = "<group>"; };
		2644807592D734900B8CC2B6 /* Pods-Moments-App.release.xcconfig */ = {isa = PBXFileReference; includeInIndex = 1; lastKnownFileType = text.xcconfig; name = "Pods-Moments-App.release.xcconfig"; path = "Pods/Target Support Files/Pods-Moments-App/Pods-Moments-App.release.xcconfig"; sourceTree = "<group>"; };
		A7B467D0F6CB22D48E56E629 /* Pods_Moments_App.framework */ = {isa = PBXFileReference; explicitFileType = wrapper.framework; includeInIndex = 0; path = Pods_Moments_App.framework; sourceTree = BUILT_PRODUCTS_DIR; };
		C9EDFF17C133C345799E510C /* Pods-Moments-App.debug.xcconfig */ = {isa = PBXFileReference; includeInIndex = 1; lastKnownFileType = text.xcconfig; name = "Pods-Moments-App.debug.xcconfig"; path = "Pods/Target Support Files/Pods-Moments-App/Pods-Moments-App.debug.xcconfig"; sourceTree = "<group>"; };
/* End PBXFileReference section */

/* Begin PBXFrameworksBuildPhase section */
		0D7CA71A20B9E5DE007F2716 /* Frameworks */ = {
			isa = PBXFrameworksBuildPhase;
			buildActionMask = 2147483647;
			files = (
				94EE343E0E55C66813BA87F4 /* Pods_Moments_App.framework in Frameworks */,
			);
			runOnlyForDeploymentPostprocessing = 0;
		};
/* End PBXFrameworksBuildPhase section */

/* Begin PBXGroup section */
		0D2A145720BC9FB0005FA212 /* Model */ = {
			isa = PBXGroup;
			children = (
				0D2A145520BC98FB005FA212 /* FirebaseReference.swift */,
				0D2A145820BC9FCA005FA212 /* User.swift */,
				0D2A145A20BCB56C005FA212 /* FIRImage.swift */,
				0DA1EBE120CDD45700FE7FCA /* Media.swift */,
			);
			path = Model;
			sourceTree = "<group>";
		};
		0D61D36920BFDA0F009BB10E /* User Authentication */ = {
			isa = PBXGroup;
			children = (
				0D61D36220BF3FBB009BB10E /* SignUpTableViewController.swift */,
				0D61D36420BF3FDC009BB10E /* WelcomeViewController.swift */,
				0D61D36C20BFDA72009BB10E /* LoginTableViewController.swift */,
			);
			path = "User Authentication";
			sourceTree = "<group>";
		};
		0D61D36A20BFDA1B009BB10E /* Newsfeed */ = {
			isa = PBXGroup;
			children = (
				0D61D36020BF3FAE009BB10E /* NewsfeedTableViewController.swift */,
			);
			path = Newsfeed;
			sourceTree = "<group>";
		};
		0D61D36B20BFDA34009BB10E /* Helper Classes */ = {
			isa = PBXGroup;
			children = (
				0D61D36620BF48AB009BB10E /* ImagePickerHelper.swift */,
			);
			path = "Helper Classes";
			sourceTree = "<group>";
		};
		0D61D37020BFDE9F009BB10E /* Profile Tab */ = {
			isa = PBXGroup;
			children = (
				0D61D36E20BFDE99009BB10E /* ProfileViewController.swift */,
			);
			path = "Profile Tab";
			sourceTree = "<group>";
		};
		0D7CA71420B9E5DE007F2716 = {
			isa = PBXGroup;
			children = (
				0D2A145320BC9860005FA212 /* GoogleService-Info.plist */,
				0D2A145120BC8D10005FA212 /* Podfile */,
				0D7CA71F20B9E5DE007F2716 /* Moments-App */,
				0D7CA71E20B9E5DE007F2716 /* Products */,
				24026EE0F174D23961819ED3 /* Pods */,
				F805E866694029CFD4D22513 /* Frameworks */,
			);
			sourceTree = "<group>";
		};
		0D7CA71E20B9E5DE007F2716 /* Products */ = {
			isa = PBXGroup;
			children = (
				0D7CA71D20B9E5DE007F2716 /* Moments-App.app */,
			);
			name = Products;
			sourceTree = "<group>";
		};
		0D7CA71F20B9E5DE007F2716 /* Moments-App */ = {
			isa = PBXGroup;
			children = (
				0D61D36820BFD92B009BB10E /* Moments-App.entitlements */,
				0D7CA72020B9E5DE007F2716 /* AppDelegate.swift */,
				0D2A145720BC9FB0005FA212 /* Model */,
				0D7CA72420B9E5DE007F2716 /* Main.storyboard */,
				0D61D37020BFDE9F009BB10E /* Profile Tab */,
				0D7CA72720B9E5E0007F2716 /* Assets.xcassets */,
				0D7CA72920B9E5E0007F2716 /* LaunchScreen.storyboard */,
				0D7CA72C20B9E5E0007F2716 /* Info.plist */,
				0D61D36B20BFDA34009BB10E /* Helper Classes */,
				0D61D36A20BFDA1B009BB10E /* Newsfeed */,
				0D61D36920BFDA0F009BB10E /* User Authentication */,
			);
			path = "Moments-App";
			sourceTree = "<group>";
		};
		24026EE0F174D23961819ED3 /* Pods */ = {
			isa = PBXGroup;
			children = (
				C9EDFF17C133C345799E510C /* Pods-Moments-App.debug.xcconfig */,
				2644807592D734900B8CC2B6 /* Pods-Moments-App.release.xcconfig */,
			);
			name = Pods;
			sourceTree = "<group>";
		};
		F805E866694029CFD4D22513 /* Frameworks */ = {
			isa = PBXGroup;
			children = (
				A7B467D0F6CB22D48E56E629 /* Pods_Moments_App.framework */,
			);
			name = Frameworks;
			sourceTree = "<group>";
		};
/* End PBXGroup section */

/* Begin PBXNativeTarget section */
		0D7CA71C20B9E5DE007F2716 /* Moments-App */ = {
			isa = PBXNativeTarget;
			buildConfigurationList = 0D7CA72F20B9E5E0007F2716 /* Build configuration list for PBXNativeTarget "Moments-App" */;
			buildPhases = (
				890D58866161E84209388C5B /* [CP] Check Pods Manifest.lock */,
				0D7CA71920B9E5DE007F2716 /* Sources */,
				0D7CA71A20B9E5DE007F2716 /* Frameworks */,
				0D7CA71B20B9E5DE007F2716 /* Resources */,
				AF2720B4FFE9CB3651022D22 /* [CP] Embed Pods Frameworks */,
			);
			buildRules = (
			);
			dependencies = (
			);
			name = "Moments-App";
			productName = "Moments-App";
			productReference = 0D7CA71D20B9E5DE007F2716 /* Moments-App.app */;
			productType = "com.apple.product-type.application";
		};
/* End PBXNativeTarget section */

/* Begin PBXProject section */
		0D7CA71520B9E5DE007F2716 /* Project object */ = {
			isa = PBXProject;
			attributes = {
				LastSwiftUpdateCheck = 0930;
				LastUpgradeCheck = 0930;
				ORGANIZATIONNAME = "Avinash Reddy";
				TargetAttributes = {
					0D7CA71C20B9E5DE007F2716 = {
						CreatedOnToolsVersion = 9.3.1;
						SystemCapabilities = {
							com.apple.Keychain = {
								enabled = 1;
							};
						};
					};
				};
			};
			buildConfigurationList = 0D7CA71820B9E5DE007F2716 /* Build configuration list for PBXProject "Moments-App" */;
			compatibilityVersion = "Xcode 9.3";
			developmentRegion = en;
			hasScannedForEncodings = 0;
			knownRegions = (
				en,
				Base,
			);
			mainGroup = 0D7CA71420B9E5DE007F2716;
			productRefGroup = 0D7CA71E20B9E5DE007F2716 /* Products */;
			projectDirPath = "";
			projectRoot = "";
			targets = (
				0D7CA71C20B9E5DE007F2716 /* Moments-App */,
			);
		};
/* End PBXProject section */

/* Begin PBXResourcesBuildPhase section */
		0D7CA71B20B9E5DE007F2716 /* Resources */ = {
			isa = PBXResourcesBuildPhase;
			buildActionMask = 2147483647;
			files = (
				0D7CA72B20B9E5E0007F2716 /* LaunchScreen.storyboard in Resources */,
				0D7CA72820B9E5E0007F2716 /* Assets.xcassets in Resources */,
				0D2A145420BC9860005FA212 /* GoogleService-Info.plist in Resources */,
				0D2A145220BC8D10005FA212 /* Podfile in Resources */,
				0D7CA72620B9E5DE007F2716 /* Main.storyboard in Resources */,
			);
			runOnlyForDeploymentPostprocessing = 0;
		};
/* End PBXResourcesBuildPhase section */

/* Begin PBXShellScriptBuildPhase section */
		890D58866161E84209388C5B /* [CP] Check Pods Manifest.lock */ = {
			isa = PBXShellScriptBuildPhase;
			buildActionMask = 2147483647;
			files = (
			);
			inputPaths = (
				"${PODS_PODFILE_DIR_PATH}/Podfile.lock",
				"${PODS_ROOT}/Manifest.lock",
			);
			name = "[CP] Check Pods Manifest.lock";
			outputPaths = (
				"$(DERIVED_FILE_DIR)/Pods-Moments-App-checkManifestLockResult.txt",
			);
			runOnlyForDeploymentPostprocessing = 0;
			shellPath = /bin/sh;
			shellScript = "diff \"${PODS_PODFILE_DIR_PATH}/Podfile.lock\" \"${PODS_ROOT}/Manifest.lock\" > /dev/null\nif [ $? != 0 ] ; then\n    # print error to STDERR\n    echo \"error: The sandbox is not in sync with the Podfile.lock. Run 'pod install' or update your CocoaPods installation.\" >&2\n    exit 1\nfi\n# This output is used by Xcode 'outputs' to avoid re-running this script phase.\necho \"SUCCESS\" > \"${SCRIPT_OUTPUT_FILE_0}\"\n";
			showEnvVarsInLog = 0;
		};
		AF2720B4FFE9CB3651022D22 /* [CP] Embed Pods Frameworks */ = {
			isa = PBXShellScriptBuildPhase;
			buildActionMask = 2147483647;
			files = (
			);
			inputPaths = (
				"${SRCROOT}/Pods/Target Support Files/Pods-Moments-App/Pods-Moments-App-frameworks.sh",
				"${BUILT_PRODUCTS_DIR}/DGActivityIndicatorView/DGActivityIndicatorView.framework",
				"${BUILT_PRODUCTS_DIR}/FrameAccessor/FrameAccessor.framework",
				"${BUILT_PRODUCTS_DIR}/GTMSessionFetcher/GTMSessionFetcher.framework",
				"${BUILT_PRODUCTS_DIR}/GoogleToolboxForMac/GoogleToolboxForMac.framework",
				"${BUILT_PRODUCTS_DIR}/JSQMessagesViewController/JSQMessagesViewController.framework",
				"${BUILT_PRODUCTS_DIR}/JSQSystemSoundPlayer/JSQSystemSoundPlayer.framework",
				"${BUILT_PRODUCTS_DIR}/SAMCache/SAMCache.framework",
				"${BUILT_PRODUCTS_DIR}/VENTokenField/VENTokenField.framework",
				"${BUILT_PRODUCTS_DIR}/leveldb-library/leveldb.framework",
				"${BUILT_PRODUCTS_DIR}/nanopb/nanopb.framework",
			);
			name = "[CP] Embed Pods Frameworks";
			outputPaths = (
				"${TARGET_BUILD_DIR}/${FRAMEWORKS_FOLDER_PATH}/DGActivityIndicatorView.framework",
				"${TARGET_BUILD_DIR}/${FRAMEWORKS_FOLDER_PATH}/FrameAccessor.framework",
				"${TARGET_BUILD_DIR}/${FRAMEWORKS_FOLDER_PATH}/GTMSessionFetcher.framework",
				"${TARGET_BUILD_DIR}/${FRAMEWORKS_FOLDER_PATH}/GoogleToolboxForMac.framework",
				"${TARGET_BUILD_DIR}/${FRAMEWORKS_FOLDER_PATH}/JSQMessagesViewController.framework",
				"${TARGET_BUILD_DIR}/${FRAMEWORKS_FOLDER_PATH}/JSQSystemSoundPlayer.framework",
				"${TARGET_BUILD_DIR}/${FRAMEWORKS_FOLDER_PATH}/SAMCache.framework",
				"${TARGET_BUILD_DIR}/${FRAMEWORKS_FOLDER_PATH}/VENTokenField.framework",
				"${TARGET_BUILD_DIR}/${FRAMEWORKS_FOLDER_PATH}/leveldb.framework",
				"${TARGET_BUILD_DIR}/${FRAMEWORKS_FOLDER_PATH}/nanopb.framework",
			);
			runOnlyForDeploymentPostprocessing = 0;
			shellPath = /bin/sh;
			shellScript = "\"${SRCROOT}/Pods/Target Support Files/Pods-Moments-App/Pods-Moments-App-frameworks.sh\"\n";
			showEnvVarsInLog = 0;
		};
/* End PBXShellScriptBuildPhase section */

/* Begin PBXSourcesBuildPhase section */
		0D7CA71920B9E5DE007F2716 /* Sources */ = {
			isa = PBXSourcesBuildPhase;
			buildActionMask = 2147483647;
			files = (
				0DA1EBE220CDD45700FE7FCA /* Media.swift in Sources */,
				0D61D36120BF3FAE009BB10E /* NewsfeedTableViewController.swift in Sources */,
				0D61D36320BF3FBB009BB10E /* SignUpTableViewController.swift in Sources */,
				0D61D36F20BFDE99009BB10E /* ProfileViewController.swift in Sources */,
				0D61D36D20BFDA72009BB10E /* LoginTableViewController.swift in Sources */,
				0D2A145620BC98FB005FA212 /* FirebaseReference.swift in Sources */,
				0D61D36720BF48AB009BB10E /* ImagePickerHelper.swift in Sources */,
				0D2A145B20BCB56C005FA212 /* FIRImage.swift in Sources */,
				0D7CA72120B9E5DE007F2716 /* AppDelegate.swift in Sources */,
				0D2A145920BC9FCA005FA212 /* User.swift in Sources */,
				0D61D36520BF3FDC009BB10E /* WelcomeViewController.swift in Sources */,
			);
			runOnlyForDeploymentPostprocessing = 0;
		};
/* End PBXSourcesBuildPhase section */

/* Begin PBXVariantGroup section */
		0D7CA72420B9E5DE007F2716 /* Main.storyboard */ = {
			isa = PBXVariantGroup;
			children = (
				0D7CA72520B9E5DE007F2716 /* Base */,
			);
			name = Main.storyboard;
			sourceTree = "<group>";
		};
		0D7CA72920B9E5E0007F2716 /* LaunchScreen.storyboard */ = {
			isa = PBXVariantGroup;
			children = (
				0D7CA72A20B9E5E0007F2716 /* Base */,
			);
			name = LaunchScreen.storyboard;
			sourceTree = "<group>";
		};
/* End PBXVariantGroup section */

/* Begin XCBuildConfiguration section */
		0D7CA72D20B9E5E0007F2716 /* Debug */ = {
			isa = XCBuildConfiguration;
			buildSettings = {
				ALWAYS_SEARCH_USER_PATHS = NO;
				CLANG_ANALYZER_NONNULL = YES;
				CLANG_ANALYZER_NUMBER_OBJECT_CONVERSION = YES_AGGRESSIVE;
				CLANG_CXX_LANGUAGE_STANDARD = "gnu++14";
				CLANG_CXX_LIBRARY = "libc++";
				CLANG_ENABLE_MODULES = YES;
				CLANG_ENABLE_OBJC_ARC = YES;
				CLANG_ENABLE_OBJC_WEAK = YES;
				CLANG_WARN_BLOCK_CAPTURE_AUTORELEASING = YES;
				CLANG_WARN_BOOL_CONVERSION = YES;
				CLANG_WARN_COMMA = YES;
				CLANG_WARN_CONSTANT_CONVERSION = YES;
				CLANG_WARN_DEPRECATED_OBJC_IMPLEMENTATIONS = YES;
				CLANG_WARN_DIRECT_OBJC_ISA_USAGE = YES_ERROR;
				CLANG_WARN_DOCUMENTATION_COMMENTS = YES;
				CLANG_WARN_EMPTY_BODY = YES;
				CLANG_WARN_ENUM_CONVERSION = YES;
				CLANG_WARN_INFINITE_RECURSION = YES;
				CLANG_WARN_INT_CONVERSION = YES;
				CLANG_WARN_NON_LITERAL_NULL_CONVERSION = YES;
				CLANG_WARN_OBJC_IMPLICIT_RETAIN_SELF = YES;
				CLANG_WARN_OBJC_LITERAL_CONVERSION = YES;
				CLANG_WARN_OBJC_ROOT_CLASS = YES_ERROR;
				CLANG_WARN_RANGE_LOOP_ANALYSIS = YES;
				CLANG_WARN_STRICT_PROTOTYPES = YES;
				CLANG_WARN_SUSPICIOUS_MOVE = YES;
				CLANG_WARN_UNGUARDED_AVAILABILITY = YES_AGGRESSIVE;
				CLANG_WARN_UNREACHABLE_CODE = YES;
				CLANG_WARN__DUPLICATE_METHOD_MATCH = YES;
				CODE_SIGN_IDENTITY = "iPhone Developer";
				COPY_PHASE_STRIP = NO;
				DEBUG_INFORMATION_FORMAT = dwarf;
				ENABLE_STRICT_OBJC_MSGSEND = YES;
				ENABLE_TESTABILITY = YES;
				GCC_C_LANGUAGE_STANDARD = gnu11;
				GCC_DYNAMIC_NO_PIC = NO;
				GCC_NO_COMMON_BLOCKS = YES;
				GCC_OPTIMIZATION_LEVEL = 0;
				GCC_PREPROCESSOR_DEFINITIONS = (
					"DEBUG=1",
					"$(inherited)",
				);
				GCC_WARN_64_TO_32_BIT_CONVERSION = YES;
				GCC_WARN_ABOUT_RETURN_TYPE = YES_ERROR;
				GCC_WARN_UNDECLARED_SELECTOR = YES;
				GCC_WARN_UNINITIALIZED_AUTOS = YES_AGGRESSIVE;
				GCC_WARN_UNUSED_FUNCTION = YES;
				GCC_WARN_UNUSED_VARIABLE = YES;
				IPHONEOS_DEPLOYMENT_TARGET = 11.3;
				MTL_ENABLE_DEBUG_INFO = YES;
				ONLY_ACTIVE_ARCH = YES;
				SDKROOT = iphoneos;
				SWIFT_ACTIVE_COMPILATION_CONDITIONS = DEBUG;
				SWIFT_OPTIMIZATION_LEVEL = "-Onone";
			};
			name = Debug;
		};
		0D7CA72E20B9E5E0007F2716 /* Release */ = {
			isa = XCBuildConfiguration;
			buildSettings = {
				ALWAYS_SEARCH_USER_PATHS = NO;
				CLANG_ANALYZER_NONNULL = YES;
				CLANG_ANALYZER_NUMBER_OBJECT_CONVERSION = YES_AGGRESSIVE;
				CLANG_CXX_LANGUAGE_STANDARD = "gnu++14";
				CLANG_CXX_LIBRARY = "libc++";
				CLANG_ENABLE_MODULES = YES;
				CLANG_ENABLE_OBJC_ARC = YES;
				CLANG_ENABLE_OBJC_WEAK = YES;
				CLANG_WARN_BLOCK_CAPTURE_AUTORELEASING = YES;
				CLANG_WARN_BOOL_CONVERSION = YES;
				CLANG_WARN_COMMA = YES;
				CLANG_WARN_CONSTANT_CONVERSION = YES;
				CLANG_WARN_DEPRECATED_OBJC_IMPLEMENTATIONS = YES;
				CLANG_WARN_DIRECT_OBJC_ISA_USAGE = YES_ERROR;
				CLANG_WARN_DOCUMENTATION_COMMENTS = YES;
				CLANG_WARN_EMPTY_BODY = YES;
				CLANG_WARN_ENUM_CONVERSION = YES;
				CLANG_WARN_INFINITE_RECURSION = YES;
				CLANG_WARN_INT_CONVERSION = YES;
				CLANG_WARN_NON_LITERAL_NULL_CONVERSION = YES;
				CLANG_WARN_OBJC_IMPLICIT_RETAIN_SELF = YES;
				CLANG_WARN_OBJC_LITERAL_CONVERSION = YES;
				CLANG_WARN_OBJC_ROOT_CLASS = YES_ERROR;
				CLANG_WARN_RANGE_LOOP_ANALYSIS = YES;
				CLANG_WARN_STRICT_PROTOTYPES = YES;
				CLANG_WARN_SUSPICIOUS_MOVE = YES;
				CLANG_WARN_UNGUARDED_AVAILABILITY = YES_AGGRESSIVE;
				CLANG_WARN_UNREACHABLE_CODE = YES;
				CLANG_WARN__DUPLICATE_METHOD_MATCH = YES;
				CODE_SIGN_IDENTITY = "iPhone Developer";
				COPY_PHASE_STRIP = NO;
				DEBUG_INFORMATION_FORMAT = "dwarf-with-dsym";
				ENABLE_NS_ASSERTIONS = NO;
				ENABLE_STRICT_OBJC_MSGSEND = YES;
				GCC_C_LANGUAGE_STANDARD = gnu11;
				GCC_NO_COMMON_BLOCKS = YES;
				GCC_WARN_64_TO_32_BIT_CONVERSION = YES;
				GCC_WARN_ABOUT_RETURN_TYPE = YES_ERROR;
				GCC_WARN_UNDECLARED_SELECTOR = YES;
				GCC_WARN_UNINITIALIZED_AUTOS = YES_AGGRESSIVE;
				GCC_WARN_UNUSED_FUNCTION = YES;
				GCC_WARN_UNUSED_VARIABLE = YES;
				IPHONEOS_DEPLOYMENT_TARGET = 11.3;
				MTL_ENABLE_DEBUG_INFO = NO;
				SDKROOT = iphoneos;
				SWIFT_COMPILATION_MODE = wholemodule;
				SWIFT_OPTIMIZATION_LEVEL = "-O";
				VALIDATE_PRODUCT = YES;
			};
			name = Release;
		};
		0D7CA73020B9E5E0007F2716 /* Debug */ = {
			isa = XCBuildConfiguration;
			baseConfigurationReference = C9EDFF17C133C345799E510C /* Pods-Moments-App.debug.xcconfig */;
			buildSettings = {
				ASSETCATALOG_COMPILER_APPICON_NAME = AppIcon;
				CODE_SIGN_ENTITLEMENTS = "Moments-App/Moments-App.entitlements";
				CODE_SIGN_STYLE = Automatic;
				DEVELOPMENT_TEAM = DYK92P2HLR;
				INFOPLIST_FILE = "Moments-App/Info.plist";
				LD_RUNPATH_SEARCH_PATHS = (
					"$(inherited)",
					"@executable_path/Frameworks",
				);
				PRODUCT_BUNDLE_IDENTIFIER = "com.theThim.Moments-App";
				PRODUCT_NAME = "$(TARGET_NAME)";
				SWIFT_VERSION = 4.0;
				TARGETED_DEVICE_FAMILY = "1,2";
			};
			name = Debug;
		};
		0D7CA73120B9E5E0007F2716 /* Release */ = {
			isa = XCBuildConfiguration;
			baseConfigurationReference = 2644807592D734900B8CC2B6 /* Pods-Moments-App.release.xcconfig */;
			buildSettings = {
				ASSETCATALOG_COMPILER_APPICON_NAME = AppIcon;
				CODE_SIGN_ENTITLEMENTS = "Moments-App/Moments-App.entitlements";
				CODE_SIGN_STYLE = Automatic;
				DEVELOPMENT_TEAM = DYK92P2HLR;
				INFOPLIST_FILE = "Moments-App/Info.plist";
				LD_RUNPATH_SEARCH_PATHS = (
					"$(inherited)",
					"@executable_path/Frameworks",
				);
				PRODUCT_BUNDLE_IDENTIFIER = "com.theThim.Moments-App";
				PRODUCT_NAME = "$(TARGET_NAME)";
				SWIFT_VERSION = 4.0;
				TARGETED_DEVICE_FAMILY = "1,2";
			};
			name = Release;
		};
/* End XCBuildConfiguration section */

/* Begin XCConfigurationList section */
		0D7CA71820B9E5DE007F2716 /* Build configuration list for PBXProject "Moments-App" */ = {
			isa = XCConfigurationList;
			buildConfigurations = (
				0D7CA72D20B9E5E0007F2716 /* Debug */,
				0D7CA72E20B9E5E0007F2716 /* Release */,
			);
			defaultConfigurationIsVisible = 0;
			defaultConfigurationName = Release;
		};
		0D7CA72F20B9E5E0007F2716 /* Build configuration list for PBXNativeTarget "Moments-App" */ = {
			isa = XCConfigurationList;
			buildConfigurations = (
				0D7CA73020B9E5E0007F2716 /* Debug */,
				0D7CA73120B9E5E0007F2716 /* Release */,
			);
			defaultConfigurationIsVisible = 0;
			defaultConfigurationName = Release;
		};
/* End XCConfigurationList section */
	};
	rootObject = 0D7CA71520B9E5DE007F2716 /* Project object */;
}
